{
    "_readme": [
        "This file locks the dependencies of your project to a known state",
        "Read more about it at https://getcomposer.org/doc/01-basic-usage.md#installing-dependencies",
        "This file is @generated automatically"
    ],
    "content-hash": "9b991aa68f28e3370692f7e43b339c20",
    "packages": [
        {
            "name": "sagittaracc/arrays",
            "version": "dev-master",
            "source": {
                "type": "git",
                "url": "https://github.com/sagittaracc/arrays.git",
                "reference": "7e9605c008e20d79ac4ae8b1dce666838d1cb631"
            },
            "dist": {
                "type": "zip",
                "url": "https://api.github.com/repos/sagittaracc/arrays/zipball/7e9605c008e20d79ac4ae8b1dce666838d1cb631",
                "reference": "7e9605c008e20d79ac4ae8b1dce666838d1cb631",
                "shasum": ""
            },
            "require-dev": {
                "phpunit/phpunit": "^9"
            },
            "default-branch": true,
            "type": "library",
            "autoload": {
                "classmap": [
                    "src/"
                ]
            },
            "notification-url": "https://packagist.org/downloads/",
            "support": {
                "issues": "https://github.com/sagittaracc/arrays/issues",
                "source": "https://github.com/sagittaracc/arrays/tree/master"
            },
            "time": "2023-07-18T08:16:39+00:00"
        },
        {
            "name": "sagittaracc/container",
            "version": "dev-main",
            "source": {
                "type": "git",
                "url": "https://github.com/sagittaracc/container.git",
                "reference": "d6ed58e72e8de3ddeaba4bc8b3da9fc606a2466c"
            },
            "dist": {
                "type": "zip",
                "url": "https://api.github.com/repos/sagittaracc/container/zipball/d6ed58e72e8de3ddeaba4bc8b3da9fc606a2466c",
                "reference": "d6ed58e72e8de3ddeaba4bc8b3da9fc606a2466c",
                "shasum": ""
            },
            "default-branch": true,
            "type": "library",
            "autoload": {
                "psr-4": {
                    "Sagittaracc\\Container\\": "src/"
                }
            },
            "notification-url": "https://packagist.org/downloads/",
            "authors": [
                {
                    "name": "Yuriy Arutyunyan",
                    "email": "sagittaracc@gmail.com"
                }
            ],
            "support": {
                "issues": "https://github.com/sagittaracc/container/issues",
                "source": "https://github.com/sagittaracc/container/tree/main"
            },
            "time": "2023-07-14T18:52:07+00:00"
        }
    ],
    "packages-dev": [],
    "aliases": [],
    "minimum-stability": "stable",
    "stability-flags": {
        "sagittaracc/container": 20,
        "sagittaracc/arrays": 20
    },
    "prefer-stable": false,
    "prefer-lowest": false,
    "platform": [],
    "platform-dev": [],
    "plugin-api-version": "2.2.0"
}
